// !$*UTF8*$!
{
	archiveVersion = 1;
	classes = {
	};
	objectVersion = 48;
	objects = {

/* Begin PBXBuildFile section */
		D9442754B321AF9628B1A4FB /* Pods_Soberide.framework in Frameworks */ = {isa = PBXBuildFile; fileRef = 06243BD9DBC5E8E13E5A5198 /* Pods_Soberide.framework */; };
		E303CE9320BCC3C80061E487 /* GoogleService-Info.plist in Resources */ = {isa = PBXBuildFile; fileRef = E303CE9220BCC3C80061E487 /* GoogleService-Info.plist */; };
		E307492920C2102C000BEAC8 /* DateCell.xib in Resources */ = {isa = PBXBuildFile; fileRef = E307492720C2102C000BEAC8 /* DateCell.xib */; };
		E307492A20C2102C000BEAC8 /* DateCell.swift in Sources */ = {isa = PBXBuildFile; fileRef = E307492820C2102C000BEAC8 /* DateCell.swift */; };
		E307492C20C21BA9000BEAC8 /* Person.swift in Sources */ = {isa = PBXBuildFile; fileRef = E307492B20C21BA9000BEAC8 /* Person.swift */; };
		E307493320C23492000BEAC8 /* Calenday.swift in Sources */ = {isa = PBXBuildFile; fileRef = E307493220C23492000BEAC8 /* Calenday.swift */; };
		E30D0F3220B8C537008FB956 /* UserView.swift in Sources */ = {isa = PBXBuildFile; fileRef = E30D0F3120B8C537008FB956 /* UserView.swift */; };
		E30D0F3420B8C544008FB956 /* MapView.swift in Sources */ = {isa = PBXBuildFile; fileRef = E30D0F3320B8C544008FB956 /* MapView.swift */; };
		E30D0F3820B8C58F008FB956 /* AdminView.swift in Sources */ = {isa = PBXBuildFile; fileRef = E30D0F3720B8C58F008FB956 /* AdminView.swift */; };
		E30D0F3C20B8C5AD008FB956 /* RegisterGroupView.swift in Sources */ = {isa = PBXBuildFile; fileRef = E30D0F3B20B8C5AD008FB956 /* RegisterGroupView.swift */; };
		E3161F7020A0F5DB005CE07B /* AppDelegate.swift in Sources */ = {isa = PBXBuildFile; fileRef = E3161F6F20A0F5DB005CE07B /* AppDelegate.swift */; };
		E3161F7220A0F5DB005CE07B /* ViewController.swift in Sources */ = {isa = PBXBuildFile; fileRef = E3161F7120A0F5DB005CE07B /* ViewController.swift */; };
		E3161F7520A0F5DB005CE07B /* Main.storyboard in Resources */ = {isa = PBXBuildFile; fileRef = E3161F7320A0F5DB005CE07B /* Main.storyboard */; };
		E3161F7720A0F5DB005CE07B /* Assets.xcassets in Resources */ = {isa = PBXBuildFile; fileRef = E3161F7620A0F5DB005CE07B /* Assets.xcassets */; };
		E3161F7A20A0F5DB005CE07B /* LaunchScreen.storyboard in Resources */ = {isa = PBXBuildFile; fileRef = E3161F7820A0F5DB005CE07B /* LaunchScreen.storyboard */; };
		E33D009D20BCE6A2002CA533 /* RegisterUserView.swift in Sources */ = {isa = PBXBuildFile; fileRef = E33D009C20BCE6A2002CA533 /* RegisterUserView.swift */; };
		E375E4E620CAF94B006BFA64 /* Constants.swift in Sources */ = {isa = PBXBuildFile; fileRef = E375E4E520CAF94B006BFA64 /* Constants.swift */; };
		E375E4EA20CAFC41006BFA64 /* chatView.swift in Sources */ = {isa = PBXBuildFile; fileRef = E375E4E920CAFC41006BFA64 /* chatView.swift */; };
		E3A295BD20C4A7A400AE2510 /* Organization.swift in Sources */ = {isa = PBXBuildFile; fileRef = E3A295BC20C4A7A300AE2510 /* Organization.swift */; };
/* End PBXBuildFile section */

/* Begin PBXFileReference section */
		06243BD9DBC5E8E13E5A5198 /* Pods_Soberide.framework */ = {isa = PBXFileReference; explicitFileType = wrapper.framework; includeInIndex = 0; path = Pods_Soberide.framework; sourceTree = BUILT_PRODUCTS_DIR; };
		8C443E2888AC02CCCF610AC1 /* Pods-Soberide.release.xcconfig */ = {isa = PBXFileReference; includeInIndex = 1; lastKnownFileType = text.xcconfig; name = "Pods-Soberide.release.xcconfig"; path = "Pods/Target Support Files/Pods-Soberide/Pods-Soberide.release.xcconfig"; sourceTree = "<group>"; };
		8FBA821C80C682894EB7A496 /* Pods-Soberide.debug.xcconfig */ = {isa = PBXFileReference; includeInIndex = 1; lastKnownFileType = text.xcconfig; name = "Pods-Soberide.debug.xcconfig"; path = "Pods/Target Support Files/Pods-Soberide/Pods-Soberide.debug.xcconfig"; sourceTree = "<group>"; };
		E303CE9220BCC3C80061E487 /* GoogleService-Info.plist */ = {isa = PBXFileReference; fileEncoding = 4; lastKnownFileType = text.plist.xml; path = "GoogleService-Info.plist"; sourceTree = SOURCE_ROOT; };
		E307492720C2102C000BEAC8 /* DateCell.xib */ = {isa = PBXFileReference; fileEncoding = 4; lastKnownFileType = file.xib; path = DateCell.xib; sourceTree = "<group>"; };
		E307492820C2102C000BEAC8 /* DateCell.swift */ = {isa = PBXFileReference; fileEncoding = 4; lastKnownFileType = sourcecode.swift; path = DateCell.swift; sourceTree = "<group>"; };
		E307492B20C21BA9000BEAC8 /* Person.swift */ = {isa = PBXFileReference; lastKnownFileType = sourcecode.swift; path = Person.swift; sourceTree = "<group>"; };
		E307493220C23492000BEAC8 /* Calenday.swift */ = {isa = PBXFileReference; lastKnownFileType = sourcecode.swift; path = Calenday.swift; sourceTree = "<group>"; };
		E30D0F3120B8C537008FB956 /* UserView.swift */ = {isa = PBXFileReference; lastKnownFileType = sourcecode.swift; path = UserView.swift; sourceTree = "<group>"; };
		E30D0F3320B8C544008FB956 /* MapView.swift */ = {isa = PBXFileReference; lastKnownFileType = sourcecode.swift; path = MapView.swift; sourceTree = "<group>"; };
		E30D0F3720B8C58F008FB956 /* AdminView.swift */ = {isa = PBXFileReference; lastKnownFileType = sourcecode.swift; path = AdminView.swift; sourceTree = "<group>"; };
		E30D0F3B20B8C5AD008FB956 /* RegisterGroupView.swift */ = {isa = PBXFileReference; lastKnownFileType = sourcecode.swift; path = RegisterGroupView.swift; sourceTree = "<group>"; };
		E3161F6C20A0F5DB005CE07B /* Soberide.app */ = {isa = PBXFileReference; explicitFileType = wrapper.application; includeInIndex = 0; path = Soberide.app; sourceTree = BUILT_PRODUCTS_DIR; };
		E3161F6F20A0F5DB005CE07B /* AppDelegate.swift */ = {isa = PBXFileReference; lastKnownFileType = sourcecode.swift; path = AppDelegate.swift; sourceTree = "<group>"; };
		E3161F7120A0F5DB005CE07B /* ViewController.swift */ = {isa = PBXFileReference; lastKnownFileType = sourcecode.swift; path = ViewController.swift; sourceTree = "<group>"; };
		E3161F7420A0F5DB005CE07B /* Base */ = {isa = PBXFileReference; lastKnownFileType = file.storyboard; name = Base; path = Base.lproj/Main.storyboard; sourceTree = "<group>"; };
		E3161F7620A0F5DB005CE07B /* Assets.xcassets */ = {isa = PBXFileReference; lastKnownFileType = folder.assetcatalog; path = Assets.xcassets; sourceTree = "<group>"; };
		E3161F7920A0F5DB005CE07B /* Base */ = {isa = PBXFileReference; lastKnownFileType = file.storyboard; name = Base; path = Base.lproj/LaunchScreen.storyboard; sourceTree = "<group>"; };
		E3161F7B20A0F5DB005CE07B /* Info.plist */ = {isa = PBXFileReference; lastKnownFileType = text.plist.xml; path = Info.plist; sourceTree = "<group>"; };
		E33D009C20BCE6A2002CA533 /* RegisterUserView.swift */ = {isa = PBXFileReference; lastKnownFileType = sourcecode.swift; path = RegisterUserView.swift; sourceTree = "<group>"; };
		E375E4E220CAF861006BFA64 /* Bridging-Header.h */ = {isa = PBXFileReference; lastKnownFileType = sourcecode.c.h; path = "Bridging-Header.h"; sourceTree = "<group>"; };
		E375E4E520CAF94B006BFA64 /* Constants.swift */ = {isa = PBXFileReference; lastKnownFileType = sourcecode.swift; path = Constants.swift; sourceTree = "<group>"; };
		E375E4E920CAFC41006BFA64 /* chatView.swift */ = {isa = PBXFileReference; lastKnownFileType = sourcecode.swift; path = chatView.swift; sourceTree = "<group>"; };
		E3A295BC20C4A7A300AE2510 /* Organization.swift */ = {isa = PBXFileReference; lastKnownFileType = sourcecode.swift; name = Organization.swift; path = /Users/grantparton/Desktop/436/Soberide/Soberide/Organization.swift; sourceTree = "<absolute>"; };
/* End PBXFileReference section */

/* Begin PBXFrameworksBuildPhase section */
		E3161F6920A0F5DB005CE07B /* Frameworks */ = {
			isa = PBXFrameworksBuildPhase;
			buildActionMask = 2147483647;
			files = (
				D9442754B321AF9628B1A4FB /* Pods_Soberide.framework in Frameworks */,
			);
			runOnlyForDeploymentPostprocessing = 0;
		};
/* End PBXFrameworksBuildPhase section */

/* Begin PBXGroup section */
		C4EC141AC1B207A7407A6EC0 /* Frameworks */ = {
			isa = PBXGroup;
			children = (
				06243BD9DBC5E8E13E5A5198 /* Pods_Soberide.framework */,
			);
			name = Frameworks;
			sourceTree = "<group>";
		};
		E3161F6320A0F5DB005CE07B = {
			isa = PBXGroup;
			children = (
				E375E4E220CAF861006BFA64 /* Bridging-Header.h */,
				E3161F6E20A0F5DB005CE07B /* Soberide */,
				E3161F6D20A0F5DB005CE07B /* Products */,
				FEE6E36F0DEB09905AD08F14 /* Pods */,
				C4EC141AC1B207A7407A6EC0 /* Frameworks */,
			);
			sourceTree = "<group>";
		};
		E3161F6D20A0F5DB005CE07B /* Products */ = {
			isa = PBXGroup;
			children = (
				E3161F6C20A0F5DB005CE07B /* Soberide.app */,
			);
			name = Products;
			sourceTree = "<group>";
		};
		E3161F6E20A0F5DB005CE07B /* Soberide */ = {
			isa = PBXGroup;
			children = (
				E3161F6F20A0F5DB005CE07B /* AppDelegate.swift */,
				E3A295BC20C4A7A300AE2510 /* Organization.swift */,
				E3161F7120A0F5DB005CE07B /* ViewController.swift */,
				E307493220C23492000BEAC8 /* Calenday.swift */,
				E3161F7320A0F5DB005CE07B /* Main.storyboard */,
				E375E4E920CAFC41006BFA64 /* chatView.swift */,
				E33D009C20BCE6A2002CA533 /* RegisterUserView.swift */,
				E307492B20C21BA9000BEAC8 /* Person.swift */,
				E30D0F3B20B8C5AD008FB956 /* RegisterGroupView.swift */,
				E307492820C2102C000BEAC8 /* DateCell.swift */,
				E307492720C2102C000BEAC8 /* DateCell.xib */,
				E30D0F3720B8C58F008FB956 /* AdminView.swift */,
				E303CE9220BCC3C80061E487 /* GoogleService-Info.plist */,
				E30D0F3320B8C544008FB956 /* MapView.swift */,
				E30D0F3120B8C537008FB956 /* UserView.swift */,
				E3161F7620A0F5DB005CE07B /* Assets.xcassets */,
				E3161F7820A0F5DB005CE07B /* LaunchScreen.storyboard */,
				E3161F7B20A0F5DB005CE07B /* Info.plist */,
				E375E4E520CAF94B006BFA64 /* Constants.swift */,
			);
			path = Soberide;
			sourceTree = "<group>";
		};
		FEE6E36F0DEB09905AD08F14 /* Pods */ = {
			isa = PBXGroup;
			children = (
				8FBA821C80C682894EB7A496 /* Pods-Soberide.debug.xcconfig */,
				8C443E2888AC02CCCF610AC1 /* Pods-Soberide.release.xcconfig */,
			);
			name = Pods;
			sourceTree = "<group>";
		};
/* End PBXGroup section */

/* Begin PBXNativeTarget section */
		E3161F6B20A0F5DB005CE07B /* Soberide */ = {
			isa = PBXNativeTarget;
			buildConfigurationList = E3161F7E20A0F5DB005CE07B /* Build configuration list for PBXNativeTarget "Soberide" */;
			buildPhases = (
				B7CB2804E427C1AAD9EFB618 /* [CP] Check Pods Manifest.lock */,
				E3161F6820A0F5DB005CE07B /* Sources */,
				E3161F6920A0F5DB005CE07B /* Frameworks */,
				E3161F6A20A0F5DB005CE07B /* Resources */,
				027B2DDAB7540C0688F0E203 /* [CP] Embed Pods Frameworks */,
			);
			buildRules = (
			);
			dependencies = (
			);
			name = Soberide;
			productName = Soberide;
			productReference = E3161F6C20A0F5DB005CE07B /* Soberide.app */;
			productType = "com.apple.product-type.application";
		};
/* End PBXNativeTarget section */

/* Begin PBXProject section */
		E3161F6420A0F5DB005CE07B /* Project object */ = {
			isa = PBXProject;
			attributes = {
				LastSwiftUpdateCheck = 0920;
				LastUpgradeCheck = 0920;
				ORGANIZATIONNAME = "Grant Parton";
				TargetAttributes = {
					E3161F6B20A0F5DB005CE07B = {
						CreatedOnToolsVersion = 9.2;
						ProvisioningStyle = Automatic;
					};
				};
			};
			buildConfigurationList = E3161F6720A0F5DB005CE07B /* Build configuration list for PBXProject "Soberide" */;
			compatibilityVersion = "Xcode 8.0";
			developmentRegion = en;
			hasScannedForEncodings = 0;
			knownRegions = (
				en,
				Base,
			);
			mainGroup = E3161F6320A0F5DB005CE07B;
			productRefGroup = E3161F6D20A0F5DB005CE07B /* Products */;
			projectDirPath = "";
			projectRoot = "";
			targets = (
				E3161F6B20A0F5DB005CE07B /* Soberide */,
			);
		};
/* End PBXProject section */

/* Begin PBXResourcesBuildPhase section */
		E3161F6A20A0F5DB005CE07B /* Resources */ = {
			isa = PBXResourcesBuildPhase;
			buildActionMask = 2147483647;
			files = (
				E3161F7A20A0F5DB005CE07B /* LaunchScreen.storyboard in Resources */,
				E303CE9320BCC3C80061E487 /* GoogleService-Info.plist in Resources */,
				E3161F7720A0F5DB005CE07B /* Assets.xcassets in Resources */,
				E3161F7520A0F5DB005CE07B /* Main.storyboard in Resources */,
				E307492920C2102C000BEAC8 /* DateCell.xib in Resources */,
			);
			runOnlyForDeploymentPostprocessing = 0;
		};
/* End PBXResourcesBuildPhase section */

/* Begin PBXShellScriptBuildPhase section */
		027B2DDAB7540C0688F0E203 /* [CP] Embed Pods Frameworks */ = {
			isa = PBXShellScriptBuildPhase;
			buildActionMask = 2147483647;
			files = (
			);
			inputPaths = (
				"${SRCROOT}/Pods/Target Support Files/Pods-Soberide/Pods-Soberide-frameworks.sh",
				"${BUILT_PRODUCTS_DIR}/GTMSessionFetcher/GTMSessionFetcher.framework",
				"${BUILT_PRODUCTS_DIR}/GoogleToolboxForMac/GoogleToolboxForMac.framework",
				"${BUILT_PRODUCTS_DIR}/JSQMessagesViewController/JSQMessagesViewController.framework",
				"${BUILT_PRODUCTS_DIR}/JSQSystemSoundPlayer/JSQSystemSoundPlayer.framework",
				"${BUILT_PRODUCTS_DIR}/leveldb-library/leveldb.framework",
				"${BUILT_PRODUCTS_DIR}/nanopb/nanopb.framework",
			);
			name = "[CP] Embed Pods Frameworks";
			outputPaths = (
				"${TARGET_BUILD_DIR}/${FRAMEWORKS_FOLDER_PATH}/GTMSessionFetcher.framework",
				"${TARGET_BUILD_DIR}/${FRAMEWORKS_FOLDER_PATH}/GoogleToolboxForMac.framework",
				"${TARGET_BUILD_DIR}/${FRAMEWORKS_FOLDER_PATH}/JSQMessagesViewController.framework",
				"${TARGET_BUILD_DIR}/${FRAMEWORKS_FOLDER_PATH}/JSQSystemSoundPlayer.framework",
				"${TARGET_BUILD_DIR}/${FRAMEWORKS_FOLDER_PATH}/leveldb.framework",
				"${TARGET_BUILD_DIR}/${FRAMEWORKS_FOLDER_PATH}/nanopb.framework",
			);
			runOnlyForDeploymentPostprocessing = 0;
			shellPath = /bin/sh;
			shellScript = "\"${SRCROOT}/Pods/Target Support Files/Pods-Soberide/Pods-Soberide-frameworks.sh\"\n";
			showEnvVarsInLog = 0;
		};
		B7CB2804E427C1AAD9EFB618 /* [CP] Check Pods Manifest.lock */ = {
			isa = PBXShellScriptBuildPhase;
			buildActionMask = 2147483647;
			files = (
			);
			inputPaths = (
				"${PODS_PODFILE_DIR_PATH}/Podfile.lock",
				"${PODS_ROOT}/Manifest.lock",
			);
			name = "[CP] Check Pods Manifest.lock";
			outputPaths = (
				"$(DERIVED_FILE_DIR)/Pods-Soberide-checkManifestLockResult.txt",
			);
			runOnlyForDeploymentPostprocessing = 0;
			shellPath = /bin/sh;
			shellScript = "diff \"${PODS_PODFILE_DIR_PATH}/Podfile.lock\" \"${PODS_ROOT}/Manifest.lock\" > /dev/null\nif [ $? != 0 ] ; then\n    # print error to STDERR\n    echo \"error: The sandbox is not in sync with the Podfile.lock. Run 'pod install' or update your CocoaPods installation.\" >&2\n    exit 1\nfi\n# This output is used by Xcode 'outputs' to avoid re-running this script phase.\necho \"SUCCESS\" > \"${SCRIPT_OUTPUT_FILE_0}\"\n";
			showEnvVarsInLog = 0;
		};
/* End PBXShellScriptBuildPhase section */

/* Begin PBXSourcesBuildPhase section */
		E3161F6820A0F5DB005CE07B /* Sources */ = {
			isa = PBXSourcesBuildPhase;
			buildActionMask = 2147483647;
			files = (
				E307492C20C21BA9000BEAC8 /* Person.swift in Sources */,
				E3161F7220A0F5DB005CE07B /* ViewController.swift in Sources */,
				E307492A20C2102C000BEAC8 /* DateCell.swift in Sources */,
				E30D0F3420B8C544008FB956 /* MapView.swift in Sources */,
				E33D009D20BCE6A2002CA533 /* RegisterUserView.swift in Sources */,
				E30D0F3820B8C58F008FB956 /* AdminView.swift in Sources */,
				E375E4E620CAF94B006BFA64 /* Constants.swift in Sources */,
				E375E4EA20CAFC41006BFA64 /* chatView.swift in Sources */,
				E30D0F3C20B8C5AD008FB956 /* RegisterGroupView.swift in Sources */,
				E30D0F3220B8C537008FB956 /* UserView.swift in Sources */,
				E3161F7020A0F5DB005CE07B /* AppDelegate.swift in Sources */,
				E3A295BD20C4A7A400AE2510 /* Organization.swift in Sources */,
				E307493320C23492000BEAC8 /* Calenday.swift in Sources */,
			);
			runOnlyForDeploymentPostprocessing = 0;
		};
/* End PBXSourcesBuildPhase section */

/* Begin PBXVariantGroup section */
		E3161F7320A0F5DB005CE07B /* Main.storyboard */ = {
			isa = PBXVariantGroup;
			children = (
				E3161F7420A0F5DB005CE07B /* Base */,
			);
			name = Main.storyboard;
			sourceTree = "<group>";
		};
		E3161F7820A0F5DB005CE07B /* LaunchScreen.storyboard */ = {
			isa = PBXVariantGroup;
			children = (
				E3161F7920A0F5DB005CE07B /* Base */,
			);
			name = LaunchScreen.storyboard;
			sourceTree = "<group>";
		};
/* End PBXVariantGroup section */

/* Begin XCBuildConfiguration section */
		E3161F7C20A0F5DB005CE07B /* Debug */ = {
			isa = XCBuildConfiguration;
			buildSettings = {
				ALWAYS_SEARCH_USER_PATHS = NO;
				CLANG_ANALYZER_NONNULL = YES;
				CLANG_ANALYZER_NUMBER_OBJECT_CONVERSION = YES_AGGRESSIVE;
				CLANG_CXX_LANGUAGE_STANDARD = "gnu++14";
				CLANG_CXX_LIBRARY = "libc++";
				CLANG_ENABLE_MODULES = YES;
				CLANG_ENABLE_OBJC_ARC = YES;
				CLANG_WARN_BLOCK_CAPTURE_AUTORELEASING = YES;
				CLANG_WARN_BOOL_CONVERSION = YES;
				CLANG_WARN_COMMA = YES;
				CLANG_WARN_CONSTANT_CONVERSION = YES;
				CLANG_WARN_DIRECT_OBJC_ISA_USAGE = YES_ERROR;
				CLANG_WARN_DOCUMENTATION_COMMENTS = YES;
				CLANG_WARN_EMPTY_BODY = YES;
				CLANG_WARN_ENUM_CONVERSION = YES;
				CLANG_WARN_INFINITE_RECURSION = YES;
				CLANG_WARN_INT_CONVERSION = YES;
				CLANG_WARN_NON_LITERAL_NULL_CONVERSION = YES;
				CLANG_WARN_OBJC_LITERAL_CONVERSION = YES;
				CLANG_WARN_OBJC_ROOT_CLASS = YES_ERROR;
				CLANG_WARN_RANGE_LOOP_ANALYSIS = YES;
				CLANG_WARN_STRICT_PROTOTYPES = YES;
				CLANG_WARN_SUSPICIOUS_MOVE = YES;
				CLANG_WARN_UNGUARDED_AVAILABILITY = YES_AGGRESSIVE;
				CLANG_WARN_UNREACHABLE_CODE = YES;
				CLANG_WARN__DUPLICATE_METHOD_MATCH = YES;
				CODE_SIGN_IDENTITY = "iPhone Developer";
				COPY_PHASE_STRIP = NO;
				DEBUG_INFORMATION_FORMAT = dwarf;
				ENABLE_STRICT_OBJC_MSGSEND = YES;
				ENABLE_TESTABILITY = YES;
				GCC_C_LANGUAGE_STANDARD = gnu11;
				GCC_DYNAMIC_NO_PIC = NO;
				GCC_NO_COMMON_BLOCKS = YES;
				GCC_OPTIMIZATION_LEVEL = 0;
				GCC_PREPROCESSOR_DEFINITIONS = (
					"DEBUG=1",
					"$(inherited)",
				);
				GCC_WARN_64_TO_32_BIT_CONVERSION = YES;
				GCC_WARN_ABOUT_RETURN_TYPE = YES_ERROR;
				GCC_WARN_UNDECLARED_SELECTOR = YES;
				GCC_WARN_UNINITIALIZED_AUTOS = YES_AGGRESSIVE;
				GCC_WARN_UNUSED_FUNCTION = YES;
				GCC_WARN_UNUSED_VARIABLE = YES;
				IPHONEOS_DEPLOYMENT_TARGET = 11.2;
				MTL_ENABLE_DEBUG_INFO = YES;
				ONLY_ACTIVE_ARCH = YES;
				SDKROOT = iphoneos;
				SWIFT_ACTIVE_COMPILATION_CONDITIONS = DEBUG;
				SWIFT_OPTIMIZATION_LEVEL = "-Onone";
			};
			name = Debug;
		};
		E3161F7D20A0F5DB005CE07B /* Release */ = {
			isa = XCBuildConfiguration;
			buildSettings = {
				ALWAYS_SEARCH_USER_PATHS = NO;
				CLANG_ANALYZER_NONNULL = YES;
				CLANG_ANALYZER_NUMBER_OBJECT_CONVERSION = YES_AGGRESSIVE;
				CLANG_CXX_LANGUAGE_STANDARD = "gnu++14";
				CLANG_CXX_LIBRARY = "libc++";
				CLANG_ENABLE_MODULES = YES;
				CLANG_ENABLE_OBJC_ARC = YES;
				CLANG_WARN_BLOCK_CAPTURE_AUTORELEASING = YES;
				CLANG_WARN_BOOL_CONVERSION = YES;
				CLANG_WARN_COMMA = YES;
				CLANG_WARN_CONSTANT_CONVERSION = YES;
				CLANG_WARN_DIRECT_OBJC_ISA_USAGE = YES_ERROR;
				CLANG_WARN_DOCUMENTATION_COMMENTS = YES;
				CLANG_WARN_EMPTY_BODY = YES;
				CLANG_WARN_ENUM_CONVERSION = YES;
				CLANG_WARN_INFINITE_RECURSION = YES;
				CLANG_WARN_INT_CONVERSION = YES;
				CLANG_WARN_NON_LITERAL_NULL_CONVERSION = YES;
				CLANG_WARN_OBJC_LITERAL_CONVERSION = YES;
				CLANG_WARN_OBJC_ROOT_CLASS = YES_ERROR;
				CLANG_WARN_RANGE_LOOP_ANALYSIS = YES;
				CLANG_WARN_STRICT_PROTOTYPES = YES;
				CLANG_WARN_SUSPICIOUS_MOVE = YES;
				CLANG_WARN_UNGUARDED_AVAILABILITY = YES_AGGRESSIVE;
				CLANG_WARN_UNREACHABLE_CODE = YES;
				CLANG_WARN__DUPLICATE_METHOD_MATCH = YES;
				CODE_SIGN_IDENTITY = "iPhone Developer";
				COPY_PHASE_STRIP = NO;
				DEBUG_INFORMATION_FORMAT = "dwarf-with-dsym";
				ENABLE_NS_ASSERTIONS = NO;
				ENABLE_STRICT_OBJC_MSGSEND = YES;
				GCC_C_LANGUAGE_STANDARD = gnu11;
				GCC_NO_COMMON_BLOCKS = YES;
				GCC_WARN_64_TO_32_BIT_CONVERSION = YES;
				GCC_WARN_ABOUT_RETURN_TYPE = YES_ERROR;
				GCC_WARN_UNDECLARED_SELECTOR = YES;
				GCC_WARN_UNINITIALIZED_AUTOS = YES_AGGRESSIVE;
				GCC_WARN_UNUSED_FUNCTION = YES;
				GCC_WARN_UNUSED_VARIABLE = YES;
				IPHONEOS_DEPLOYMENT_TARGET = 11.2;
				MTL_ENABLE_DEBUG_INFO = NO;
				SDKROOT = iphoneos;
				SWIFT_OPTIMIZATION_LEVEL = "-Owholemodule";
				VALIDATE_PRODUCT = YES;
			};
			name = Release;
		};
		E3161F7F20A0F5DB005CE07B /* Debug */ = {
			isa = XCBuildConfiguration;
			baseConfigurationReference = 8FBA821C80C682894EB7A496 /* Pods-Soberide.debug.xcconfig */;
			buildSettings = {
				ASSETCATALOG_COMPILER_APPICON_NAME = AppIcon;
				CODE_SIGN_STYLE = Automatic;
				INFOPLIST_FILE = Soberide/Info.plist;
				IPHONEOS_DEPLOYMENT_TARGET = 10.0;
				LD_RUNPATH_SEARCH_PATHS = "$(inherited) @executable_path/Frameworks";
				PRODUCT_BUNDLE_IDENTIFIER = com.grantparton;
				PRODUCT_NAME = "$(TARGET_NAME)";
				SWIFT_OBJC_BRIDGING_HEADER = "Bridging-Header.h";
				SWIFT_VERSION = 4.0;
				TARGETED_DEVICE_FAMILY = "1,2";
			};
			name = Debug;
		};
		E3161F8020A0F5DB005CE07B /* Release */ = {
			isa = XCBuildConfiguration;
			baseConfigurationReference = 8C443E2888AC02CCCF610AC1 /* Pods-Soberide.release.xcconfig */;
			buildSettings = {
				ASSETCATALOG_COMPILER_APPICON_NAME = AppIcon;
				CODE_SIGN_STYLE = Automatic;
				INFOPLIST_FILE = Soberide/Info.plist;
				IPHONEOS_DEPLOYMENT_TARGET = 10.0;
				LD_RUNPATH_SEARCH_PATHS = "$(inherited) @executable_path/Frameworks";
				PRODUCT_BUNDLE_IDENTIFIER = com.grantparton;
				PRODUCT_NAME = "$(TARGET_NAME)";
				SWIFT_OBJC_BRIDGING_HEADER = "Bridging-Header.h";
				SWIFT_VERSION = 4.0;
				TARGETED_DEVICE_FAMILY = "1,2";
			};
			name = Release;
		};
/* End XCBuildConfiguration section */

/* Begin XCConfigurationList section */
		E3161F6720A0F5DB005CE07B /* Build configuration list for PBXProject "Soberide" */ = {
			isa = XCConfigurationList;
			buildConfigurations = (
				E3161F7C20A0F5DB005CE07B /* Debug */,
				E3161F7D20A0F5DB005CE07B /* Release */,
			);
			defaultConfigurationIsVisible = 0;
			defaultConfigurationName = Release;
		};
		E3161F7E20A0F5DB005CE07B /* Build configuration list for PBXNativeTarget "Soberide" */ = {
			isa = XCConfigurationList;
			buildConfigurations = (
				E3161F7F20A0F5DB005CE07B /* Debug */,
				E3161F8020A0F5DB005CE07B /* Release */,
			);
			defaultConfigurationIsVisible = 0;
			defaultConfigurationName = Release;
		};
/* End XCConfigurationList section */
	};
	rootObject = E3161F6420A0F5DB005CE07B /* Project object */;
}
